// !$*UTF8*$!
{
	archiveVersion = 1;
	classes = {
	};
	objectVersion = 46;
	objects = {

/* Begin PBXBuildFile section */
		2E3948D41DAD394C003ECE0D /* calculator.swift in Sources */ = {isa = PBXBuildFile; fileRef = 2E3948D31DAD394C003ECE0D /* calculator.swift */; };
		2EABB5491DABEFF3001F3A85 /* main.swift in Sources */ = {isa = PBXBuildFile; fileRef = 2EABB5481DABEFF3001F3A85 /* main.swift */; };
		2EABB5501DABF038001F3A85 /* interactive.swift in Sources */ = {isa = PBXBuildFile; fileRef = 2EABB54F1DABF038001F3A85 /* interactive.swift */; };
		2EABB5521DABF042001F3A85 /* io.swift in Sources */ = {isa = PBXBuildFile; fileRef = 2EABB5511DABF042001F3A85 /* io.swift */; };
/* End PBXBuildFile section */

/* Begin PBXCopyFilesBuildPhase section */
		2EABB5431DABEFF3001F3A85 /* CopyFiles */ = {
			isa = PBXCopyFilesBuildPhase;
			buildActionMask = 2147483647;
			dstPath = /usr/share/man/man1/;
			dstSubfolderSpec = 0;
			files = (
			);
			runOnlyForDeploymentPostprocessing = 1;
		};
/* End PBXCopyFilesBuildPhase section */

/* Begin PBXFileReference section */
		2E3948D31DAD394C003ECE0D /* calculator.swift */ = {isa = PBXFileReference; fileEncoding = 4; lastKnownFileType = sourcecode.swift; path = calculator.swift; sourceTree = "<group>"; };
		2EABB5451DABEFF3001F3A85 /* TipCalculatorSKC */ = {isa = PBXFileReference; explicitFileType = "compiled.mach-o.executable"; includeInIndex = 0; path = TipCalculatorSKC; sourceTree = BUILT_PRODUCTS_DIR; };
		2EABB5481DABEFF3001F3A85 /* main.swift */ = {isa = PBXFileReference; lastKnownFileType = sourcecode.swift; path = main.swift; sourceTree = "<group>"; };
		2EABB54F1DABF038001F3A85 /* interactive.swift */ = {isa = PBXFileReference; fileEncoding = 4; lastKnownFileType = sourcecode.swift; path = interactive.swift; sourceTree = "<group>"; };
		2EABB5511DABF042001F3A85 /* io.swift */ = {isa = PBXFileReference; fileEncoding = 4; lastKnownFileType = sourcecode.swift; path = io.swift; sourceTree = "<group>"; };
/* End PBXFileReference section */

/* Begin PBXFrameworksBuildPhase section */
		2EABB5421DABEFF3001F3A85 /* Frameworks */ = {
			isa = PBXFrameworksBuildPhase;
			buildActionMask = 2147483647;
			files = (
			);
			runOnlyForDeploymentPostprocessing = 0;
		};
/* End PBXFrameworksBuildPhase section */

/* Begin PBXGroup section */
		2EABB53C1DABEFF3001F3A85 = {
			isa = PBXGroup;
			children = (
				2EABB5471DABEFF3001F3A85 /* TipCalculatorSKC */,
				2EABB5461DABEFF3001F3A85 /* Products */,
			);
			sourceTree = "<group>";
		};
		2EABB5461DABEFF3001F3A85 /* Products */ = {
			isa = PBXGroup;
			children = (
				2EABB5451DABEFF3001F3A85 /* TipCalculatorSKC */,
			);
			name = Products;
			sourceTree = "<group>";
		};
		2EABB5471DABEFF3001F3A85 /* TipCalculatorSKC */ = {
			isa = PBXGroup;
			children = (
				2EABB5481DABEFF3001F3A85 /* main.swift */,
				2EABB54F1DABF038001F3A85 /* interactive.swift */,
				2EABB5511DABF042001F3A85 /* io.swift */,
				2E3948D31DAD394C003ECE0D /* calculator.swift */,
			);
			path = TipCalculatorSKC;
			sourceTree = "<group>";
		};
/* End PBXGroup section */

/* Begin PBXNativeTarget section */
		2EABB5441DABEFF3001F3A85 /* TipCalculatorSKC */ = {
			isa = PBXNativeTarget;
			buildConfigurationList = 2EABB54C1DABEFF3001F3A85 /* Build configuration list for PBXNativeTarget "TipCalculatorSKC" */;
			buildPhases = (
				2EABB5411DABEFF3001F3A85 /* Sources */,
				2EABB5421DABEFF3001F3A85 /* Frameworks */,
				2EABB5431DABEFF3001F3A85 /* CopyFiles */,
			);
			buildRules = (
			);
			dependencies = (
			);
			name = TipCalculatorSKC;
			productName = TipCalculatorSKC;
			productReference = 2EABB5451DABEFF3001F3A85 /* TipCalculatorSKC */;
			productType = "com.apple.product-type.tool";
		};
/* End PBXNativeTarget section */

/* Begin PBXProject section */
		2EABB53D1DABEFF3001F3A85 /* Project object */ = {
			isa = PBXProject;
			attributes = {
				LastSwiftUpdateCheck = 0800;
				LastUpgradeCheck = 0800;
				ORGANIZATIONNAME = Interapt;
				TargetAttributes = {
					2EABB5441DABEFF3001F3A85 = {
						CreatedOnToolsVersion = 8.0;
						ProvisioningStyle = Automatic;
					};
				};
			};
			buildConfigurationList = 2EABB5401DABEFF3001F3A85 /* Build configuration list for PBXProject "TipCalculatorSKC" */;
			compatibilityVersion = "Xcode 3.2";
			developmentRegion = English;
			hasScannedForEncodings = 0;
			knownRegions = (
				en,
			);
			mainGroup = 2EABB53C1DABEFF3001F3A85;
			productRefGroup = 2EABB5461DABEFF3001F3A85 /* Products */;
			projectDirPath = "";
			projectRoot = "";
			targets = (
				2EABB5441DABEFF3001F3A85 /* TipCalculatorSKC */,
			);
		};
/* End PBXProject section */

/* Begin PBXSourcesBuildPhase section */
		2EABB5411DABEFF3001F3A85 /* Sources */ = {
			isa = PBXSourcesBuildPhase;
			buildActionMask = 2147483647;
			files = (
				2EABB5501DABF038001F3A85 /* interactive.swift in Sources */,
				2E3948D41DAD394C003ECE0D /* calculator.swift in Sources */,
				2EABB5521DABF042001F3A85 /* io.swift in Sources */,
				2EABB5491DABEFF3001F3A85 /* main.swift in Sources */,
			);
			runOnlyForDeploymentPostprocessing = 0;
		};
/* End PBXSourcesBuildPhase section */

/* Begin XCBuildConfiguration section */
		2EABB54A1DABEFF3001F3A85 /* Debug */ = {
			isa = XCBuildConfiguration;
			buildSettings = {
				ALWAYS_SEARCH_USER_PATHS = NO;
				CLANG_ANALYZER_NONNULL = YES;
				CLANG_CXX_LANGUAGE_STANDARD = "gnu++0x";
				CLANG_CXX_LIBRARY = "libc++";
				CLANG_ENABLE_MODULES = YES;
				CLANG_ENABLE_OBJC_ARC = YES;
				CLANG_WARN_BOOL_CONVERSION = YES;
				CLANG_WARN_CONSTANT_CONVERSION = YES;
				CLANG_WARN_DIRECT_OBJC_ISA_USAGE = YES_ERROR;
				CLANG_WARN_DOCUMENTATION_COMMENTS = YES;
				CLANG_WARN_EMPTY_BODY = YES;
				CLANG_WARN_ENUM_CONVERSION = YES;
				CLANG_WARN_INFINITE_RECURSION = YES;
				CLANG_WARN_INT_CONVERSION = YES;
				CLANG_WARN_OBJC_ROOT_CLASS = YES_ERROR;
				CLANG_WARN_SUSPICIOUS_MOVES = YES;
				CLANG_WARN_UNREACHABLE_CODE = YES;
				CLANG_WARN__DUPLICATE_METHOD_MATCH = YES;
				CODE_SIGN_IDENTITY = "-";
				COPY_PHASE_STRIP = NO;
				DEBUG_INFORMATION_FORMAT = dwarf;
				ENABLE_STRICT_OBJC_MSGSEND = YES;
				ENABLE_TESTABILITY = YES;
				GCC_C_LANGUAGE_STANDARD = gnu99;
				GCC_DYNAMIC_NO_PIC = NO;
				GCC_NO_COMMON_BLOCKS = YES;
				GCC_OPTIMIZATION_LEVEL = 0;
				GCC_PREPROCESSOR_DEFINITIONS = (
					"DEBUG=1",
					"$(inherited)",
				);
				GCC_WARN_64_TO_32_BIT_CONVERSION = YES;
				GCC_WARN_ABOUT_RETURN_TYPE = YES_ERROR;
				GCC_WARN_UNDECLARED_SELECTOR = YES;
				GCC_WARN_UNINITIALIZED_AUTOS = YES_AGGRESSIVE;
				GCC_WARN_UNUSED_FUNCTION = YES;
				GCC_WARN_UNUSED_VARIABLE = YES;
				MACOSX_DEPLOYMENT_TARGET = 10.11;
				MTL_ENABLE_DEBUG_INFO = YES;
				ONLY_ACTIVE_ARCH = YES;
				SDKROOT = macosx;
				SWIFT_OPTIMIZATION_LEVEL = "-Onone";
			};
			name = Debug;
		};
		2EABB54B1DABEFF3001F3A85 /* Release */ = {
			isa = XCBuildConfiguration;
			buildSettings = {
				ALWAYS_SEARCH_USER_PATHS = NO;
				CLANG_ANALYZER_NONNULL = YES;
				CLANG_CXX_LANGUAGE_STANDARD = "gnu++0x";
				CLANG_CXX_LIBRARY = "libc++";
				CLANG_ENABLE_MODULES = YES;
				CLANG_ENABLE_OBJC_ARC = YES;
				CLANG_WARN_BOOL_CONVERSION = YES;
				CLANG_WARN_CONSTANT_CONVERSION = YES;
				CLANG_WARN_DIRECT_OBJC_ISA_USAGE = YES_ERROR;
				CLANG_WARN_DOCUMENTATION_COMMENTS = YES;
				CLANG_WARN_EMPTY_BODY = YES;
				CLANG_WARN_ENUM_CONVERSION = YES;
				CLANG_WARN_INFINITE_RECURSION = YES;
				CLANG_WARN_INT_CONVERSION = YES;
				CLANG_WARN_OBJC_ROOT_CLASS = YES_ERROR;
				CLANG_WARN_SUSPICIOUS_MOVES = YES;
				CLANG_WARN_UNREACHABLE_CODE = YES;
				CLANG_WARN__DUPLICATE_METHOD_MATCH = YES;
				CODE_SIGN_IDENTITY = "-";
				COPY_PHASE_STRIP = NO;
				DEBUG_INFORMATION_FORMAT = "dwarf-with-dsym";
				ENABLE_NS_ASSERTIONS = NO;
				ENABLE_STRICT_OBJC_MSGSEND = YES;
				GCC_C_LANGUAGE_STANDARD = gnu99;
				GCC_NO_COMMON_BLOCKS = YES;
				GCC_WARN_64_TO_32_BIT_CONVERSION = YES;
				GCC_WARN_ABOUT_RETURN_TYPE = YES_ERROR;
				GCC_WARN_UNDECLARED_SELECTOR = YES;
				GCC_WARN_UNINITIALIZED_AUTOS = YES_AGGRESSIVE;
				GCC_WARN_UNUSED_FUNCTION = YES;
				GCC_WARN_UNUSED_VARIABLE = YES;
				MACOSX_DEPLOYMENT_TARGET = 10.11;
				MTL_ENABLE_DEBUG_INFO = NO;
				SDKROOT = macosx;
			};
			name = Release;
		};
		2EABB54D1DABEFF3001F3A85 /* Debug */ = {
			isa = XCBuildConfiguration;
			buildSettings = {
				PRODUCT_NAME = "$(TARGET_NAME)";
				SWIFT_VERSION = 3.0;
			};
			name = Debug;
		};
		2EABB54E1DABEFF3001F3A85 /* Release */ = {
			isa = XCBuildConfiguration;
			buildSettings = {
				PRODUCT_NAME = "$(TARGET_NAME)";
				SWIFT_VERSION = 3.0;
			};
			name = Release;
		};
/* End XCBuildConfiguration section */

/* Begin XCConfigurationList section */
		2EABB5401DABEFF3001F3A85 /* Build configuration list for PBXProject "TipCalculatorSKC" */ = {
			isa = XCConfigurationList;
			buildConfigurations = (
				2EABB54A1DABEFF3001F3A85 /* Debug */,
				2EABB54B1DABEFF3001F3A85 /* Release */,
			);
			defaultConfigurationIsVisible = 0;
			defaultConfigurationName = Release;
		};
		2EABB54C1DABEFF3001F3A85 /* Build configuration list for PBXNativeTarget "TipCalculatorSKC" */ = {
			isa = XCConfigurationList;
			buildConfigurations = (
				2EABB54D1DABEFF3001F3A85 /* Debug */,
				2EABB54E1DABEFF3001F3A85 /* Release */,
			);
			defaultConfigurationIsVisible = 0;
			defaultConfigurationName = Release;
		};
/* End XCConfigurationList section */
	};
	rootObject = 2EABB53D1DABEFF3001F3A85 /* Project object */;
}
